
Microsoft Visual Studio Solution File, Format Version 12.00
Project("{FAE04EC0-301F-11D3-BF4B-00C04F79EFBC}") = "FirewallLogAnalyzer.Api", "FirewallLogAnalyzer.Api\FirewallLogAnalyzer.Api.csproj", "{AC198E5D-C87C-42A7-9FE3-0C0EA4101B11}"
EndProject
Global
	GlobalSection(SolutionConfigurationPlatforms) = preSolution
		Debug|Any CPU = Debug|Any CPU
		Release|Any CPU = Release|Any CPU
	EndGlobalSection
	GlobalSection(ProjectConfigurationPlatforms) = postSolution
		{AC198E5D-C87C-42A7-9FE3-0C0EA4101B11}.Debug|Any CPU.ActiveCfg = Debug|Any CPU
		{AC198E5D-C87C-42A7-9FE3-0C0EA4101B11}.Debug|Any CPU.Build.0 = Debug|Any CPU
		{AC198E5D-C87C-42A7-9FE3-0C0EA4101B11}.Release|Any CPU.ActiveCfg = Release|Any CPU
		{AC198E5D-C87C-42A7-9FE3-0C0EA4101B11}.Release|Any CPU.Build.0 = Release|Any CPU
	EndGlobalSection
EndGlobal
